{
  "requires": true,
  "lockfileVersion": 1,
  "dependencies": {
    "eventemitter3": {
      "version": "4.0.0",
      "resolved": "https://registry.npmjs.org/eventemitter3/-/eventemitter3-4.0.0.tgz",
      "integrity": "sha512-qerSRB0p+UDEssxTtm6EDKcE7W4OaoisfIMl4CngyEhjpYglocpNg6UEqCvemdGhosAsg4sO2dXJOdyBifPGCg=="
    },
    "follow-redirects": {
      "version": "1.14.7",
      "resolved": "https://registry.npmjs.org/follow-redirects/-/follow-redirects-1.14.7.tgz",
      "integrity": "sha512-+hbxoLbFMbRKDwohX8GkTataGqO6Jb7jGwpAlwgy2bIz25XtRm7KEzJM76R1WiNT5SwZkX4Y75SwBolkpmE7iQ=="
    },
    "graphql": {
      "version": "15.0.0",
      "resolved": "https://registry.npmjs.org/graphql/-/graphql-15.0.0.tgz",
      "integrity": "sha512-ZyVO1xIF9F+4cxfkdhOJINM+51B06Friuv4M66W7HzUOeFd+vNzUn4vtswYINPi6sysjf1M2Ri/rwZALqgwbaQ=="
    },
    "http-proxy": {
      "version": "1.18.0",
      "resolved": "https://registry.npmjs.org/http-proxy/-/http-proxy-1.18.0.tgz",
      "integrity": "sha512-84I2iJM/n1d4Hdgc6y2+qY5mDaz2PUVjlg9znE9byl+q0uC3DeByqBGReQu5tpLK0TAqTIXScRUV+dg7+bUPpQ==",
      "requires": {
        "eventemitter3": "^4.0.0",
        "follow-redirects": "^1.0.0",
        "requires-port": "^1.0.0"
      }
    },
    "requires-port": {
      "version": "1.0.0",
      "resolved": "https://registry.npmjs.org/requires-port/-/requires-port-1.0.0.tgz",
      "integrity": "sha1-kl0mAdOaxIXgkc8NpcbmlNw9yv8="
    },
    "server-destroy": {
      "version": "1.0.1",
      "resolved": "https://registry.npmjs.org/server-destroy/-/server-destroy-1.0.1.tgz",
      "integrity": "sha1-8Tv5KOQrnD55OD5hzDmYtdFObN0="
    }
  }
}
